// !$*UTF8*$!
{
	archiveVersion = 1;
	classes = {
	};
	objectVersion = 55;
	objects = {

/* Begin PBXBuildFile section */
		B2FBFCF12889213800511045 /* main.cpp in Sources */ = {isa = PBXBuildFile; fileRef = B2FBFCF02889213800511045 /* main.cpp */; };
		B2FBFCF92889217B00511045 /* Deck.cpp in Sources */ = {isa = PBXBuildFile; fileRef = B2FBFCF72889217B00511045 /* Deck.cpp */; };
		B2FBFCFC2889218900511045 /* Card.cpp in Sources */ = {isa = PBXBuildFile; fileRef = B2FBFCFA2889218900511045 /* Card.cpp */; };
		B2FBFCFF2889219500511045 /* CardHand.cpp in Sources */ = {isa = PBXBuildFile; fileRef = B2FBFCFD2889219500511045 /* CardHand.cpp */; };
		B2FBFD02288921A300511045 /* CardHandScorer.cpp in Sources */ = {isa = PBXBuildFile; fileRef = B2FBFD00288921A300511045 /* CardHandScorer.cpp */; };
		B2FBFD05288921B100511045 /* PokerScore.cpp in Sources */ = {isa = PBXBuildFile; fileRef = B2FBFD03288921B100511045 /* PokerScore.cpp */; };
/* End PBXBuildFile section */

/* Begin PBXCopyFilesBuildPhase section */
		B2FBFCEB2889213800511045 /* CopyFiles */ = {
			isa = PBXCopyFilesBuildPhase;
			buildActionMask = 2147483647;
			dstPath = /usr/share/man/man1/;
			dstSubfolderSpec = 0;
			files = (
			);
			runOnlyForDeploymentPostprocessing = 1;
		};
/* End PBXCopyFilesBuildPhase section */

/* Begin PBXFileReference section */
		B2FBFCED2889213800511045 /* PokerAnalysis */ = {isa = PBXFileReference; explicitFileType = "compiled.mach-o.executable"; includeInIndex = 0; path = PokerAnalysis; sourceTree = BUILT_PRODUCTS_DIR; };
		B2FBFCF02889213800511045 /* main.cpp */ = {isa = PBXFileReference; lastKnownFileType = sourcecode.cpp.cpp; path = main.cpp; sourceTree = "<group>"; };
		B2FBFCF72889217B00511045 /* Deck.cpp */ = {isa = PBXFileReference; lastKnownFileType = sourcecode.cpp.cpp; path = Deck.cpp; sourceTree = "<group>"; };
		B2FBFCF82889217B00511045 /* Deck.h */ = {isa = PBXFileReference; lastKnownFileType = sourcecode.c.h; path = Deck.h; sourceTree = "<group>"; };
		B2FBFCFA2889218900511045 /* Card.cpp */ = {isa = PBXFileReference; lastKnownFileType = sourcecode.cpp.cpp; path = Card.cpp; sourceTree = "<group>"; };
		B2FBFCFB2889218900511045 /* Card.h */ = {isa = PBXFileReference; lastKnownFileType = sourcecode.c.h; path = Card.h; sourceTree = "<group>"; };
		B2FBFCFD2889219500511045 /* CardHand.cpp */ = {isa = PBXFileReference; lastKnownFileType = sourcecode.cpp.cpp; path = CardHand.cpp; sourceTree = "<group>"; };
		B2FBFCFE2889219500511045 /* CardHand.h */ = {isa = PBXFileReference; lastKnownFileType = sourcecode.c.h; path = CardHand.h; sourceTree = "<group>"; };
		B2FBFD00288921A300511045 /* CardHandScorer.cpp */ = {isa = PBXFileReference; lastKnownFileType = sourcecode.cpp.cpp; path = CardHandScorer.cpp; sourceTree = "<group>"; };
		B2FBFD01288921A300511045 /* CardHandScorer.h */ = {isa = PBXFileReference; lastKnownFileType = sourcecode.c.h; path = CardHandScorer.h; sourceTree = "<group>"; };
		B2FBFD03288921B100511045 /* PokerScore.cpp */ = {isa = PBXFileReference; lastKnownFileType = sourcecode.cpp.cpp; path = PokerScore.cpp; sourceTree = "<group>"; };
		B2FBFD04288921B100511045 /* PokerScore.h */ = {isa = PBXFileReference; lastKnownFileType = sourcecode.c.h; path = PokerScore.h; sourceTree = "<group>"; };
/* End PBXFileReference section */

/* Begin PBXFrameworksBuildPhase section */
		B2FBFCEA2889213800511045 /* Frameworks */ = {
			isa = PBXFrameworksBuildPhase;
			buildActionMask = 2147483647;
			files = (
			);
			runOnlyForDeploymentPostprocessing = 0;
		};
/* End PBXFrameworksBuildPhase section */

/* Begin PBXGroup section */
		B2FBFCE42889213800511045 = {
			isa = PBXGroup;
			children = (
				B2FBFCEF2889213800511045 /* PokerAnalysis */,
				B2FBFCEE2889213800511045 /* Products */,
			);
			sourceTree = "<group>";
		};
		B2FBFCEE2889213800511045 /* Products */ = {
			isa = PBXGroup;
			children = (
				B2FBFCED2889213800511045 /* PokerAnalysis */,
			);
			name = Products;
			sourceTree = "<group>";
		};
		B2FBFCEF2889213800511045 /* PokerAnalysis */ = {
			isa = PBXGroup;
			children = (
				B2FBFCF02889213800511045 /* main.cpp */,
				B2FBFD03288921B100511045 /* PokerScore.cpp */,
				B2FBFD04288921B100511045 /* PokerScore.h */,
				B2FBFD00288921A300511045 /* CardHandScorer.cpp */,
				B2FBFD01288921A300511045 /* CardHandScorer.h */,
				B2FBFCFD2889219500511045 /* CardHand.cpp */,
				B2FBFCFE2889219500511045 /* CardHand.h */,
				B2FBFCFA2889218900511045 /* Card.cpp */,
				B2FBFCFB2889218900511045 /* Card.h */,
				B2FBFCF72889217B00511045 /* Deck.cpp */,
				B2FBFCF82889217B00511045 /* Deck.h */,
			);
			path = PokerAnalysis;
			sourceTree = "<group>";
		};
/* End PBXGroup section */

/* Begin PBXNativeTarget section */
		B2FBFCEC2889213800511045 /* PokerAnalysis */ = {
			isa = PBXNativeTarget;
			buildConfigurationList = B2FBFCF42889213800511045 /* Build configuration list for PBXNativeTarget "PokerAnalysis" */;
			buildPhases = (
				B2FBFCE92889213800511045 /* Sources */,
				B2FBFCEA2889213800511045 /* Frameworks */,
				B2FBFCEB2889213800511045 /* CopyFiles */,
			);
			buildRules = (
			);
			dependencies = (
			);
			name = PokerAnalysis;
			productName = PokerAnalysis;
			productReference = B2FBFCED2889213800511045 /* PokerAnalysis */;
			productType = "com.apple.product-type.tool";
		};
/* End PBXNativeTarget section */

/* Begin PBXProject section */
		B2FBFCE52889213800511045 /* Project object */ = {
			isa = PBXProject;
			attributes = {
				BuildIndependentTargetsInParallel = 1;
				LastUpgradeCheck = 1320;
				TargetAttributes = {
					B2FBFCEC2889213800511045 = {
						CreatedOnToolsVersion = 13.2.1;
					};
				};
			};
			buildConfigurationList = B2FBFCE82889213800511045 /* Build configuration list for PBXProject "PokerAnalysis" */;
			compatibilityVersion = "Xcode 13.0";
			developmentRegion = en;
			hasScannedForEncodings = 0;
			knownRegions = (
				en,
				Base,
			);
			mainGroup = B2FBFCE42889213800511045;
			productRefGroup = B2FBFCEE2889213800511045 /* Products */;
			projectDirPath = "";
			projectRoot = "";
			targets = (
				B2FBFCEC2889213800511045 /* PokerAnalysis */,
			);
		};
/* End PBXProject section */

/* Begin PBXSourcesBuildPhase section */
		B2FBFCE92889213800511045 /* Sources */ = {
			isa = PBXSourcesBuildPhase;
			buildActionMask = 2147483647;
			files = (
				B2FBFCFC2889218900511045 /* Card.cpp in Sources */,
				B2FBFCF92889217B00511045 /* Deck.cpp in Sources */,
				B2FBFCFF2889219500511045 /* CardHand.cpp in Sources */,
				B2FBFCF12889213800511045 /* main.cpp in Sources */,
				B2FBFD05288921B100511045 /* PokerScore.cpp in Sources */,
				B2FBFD02288921A300511045 /* CardHandScorer.cpp in Sources */,
			);
			runOnlyForDeploymentPostprocessing = 0;
		};
/* End PBXSourcesBuildPhase section */

/* Begin XCBuildConfiguration section */
		B2FBFCF22889213800511045 /* Debug */ = {
			isa = XCBuildConfiguration;
			buildSettings = {
				ALWAYS_SEARCH_USER_PATHS = NO;
				CLANG_ANALYZER_NONNULL = YES;
				CLANG_ANALYZER_NUMBER_OBJECT_CONVERSION = YES_AGGRESSIVE;
				CLANG_CXX_LANGUAGE_STANDARD = "gnu++17";
				CLANG_CXX_LIBRARY = "libc++";
				CLANG_ENABLE_MODULES = YES;
				CLANG_ENABLE_OBJC_ARC = YES;
				CLANG_ENABLE_OBJC_WEAK = YES;
				CLANG_WARN_BLOCK_CAPTURE_AUTORELEASING = YES;
				CLANG_WARN_BOOL_CONVERSION = YES;
				CLANG_WARN_COMMA = YES;
				CLANG_WARN_CONSTANT_CONVERSION = YES;
				CLANG_WARN_DEPRECATED_OBJC_IMPLEMENTATIONS = YES;
				CLANG_WARN_DIRECT_OBJC_ISA_USAGE = YES_ERROR;
				CLANG_WARN_DOCUMENTATION_COMMENTS = YES;
				CLANG_WARN_EMPTY_BODY = YES;
				CLANG_WARN_ENUM_CONVERSION = YES;
				CLANG_WARN_INFINITE_RECURSION = YES;
				CLANG_WARN_INT_CONVERSION = YES;
				CLANG_WARN_NON_LITERAL_NULL_CONVERSION = YES;
				CLANG_WARN_OBJC_IMPLICIT_RETAIN_SELF = YES;
				CLANG_WARN_OBJC_LITERAL_CONVERSION = YES;
				CLANG_WARN_OBJC_ROOT_CLASS = YES_ERROR;
				CLANG_WARN_QUOTED_INCLUDE_IN_FRAMEWORK_HEADER = YES;
				CLANG_WARN_RANGE_LOOP_ANALYSIS = YES;
				CLANG_WARN_STRICT_PROTOTYPES = YES;
				CLANG_WARN_SUSPICIOUS_MOVE = YES;
				CLANG_WARN_UNGUARDED_AVAILABILITY = YES_AGGRESSIVE;
				CLANG_WARN_UNREACHABLE_CODE = YES;
				CLANG_WARN__DUPLICATE_METHOD_MATCH = YES;
				COPY_PHASE_STRIP = NO;
				DEBUG_INFORMATION_FORMAT = dwarf;
				ENABLE_STRICT_OBJC_MSGSEND = YES;
				ENABLE_TESTABILITY = YES;
				GCC_C_LANGUAGE_STANDARD = gnu11;
				GCC_DYNAMIC_NO_PIC = NO;
				GCC_NO_COMMON_BLOCKS = YES;
				GCC_OPTIMIZATION_LEVEL = 0;
				GCC_PREPROCESSOR_DEFINITIONS = (
					"DEBUG=1",
					"$(inherited)",
				);
				GCC_WARN_64_TO_32_BIT_CONVERSION = YES;
				GCC_WARN_ABOUT_RETURN_TYPE = YES_ERROR;
				GCC_WARN_UNDECLARED_SELECTOR = YES;
				GCC_WARN_UNINITIALIZED_AUTOS = YES_AGGRESSIVE;
				GCC_WARN_UNUSED_FUNCTION = YES;
				GCC_WARN_UNUSED_VARIABLE = YES;
				MACOSX_DEPLOYMENT_TARGET = 12.1;
				MTL_ENABLE_DEBUG_INFO = INCLUDE_SOURCE;
				MTL_FAST_MATH = YES;
				ONLY_ACTIVE_ARCH = YES;
				SDKROOT = macosx;
			};
			name = Debug;
		};
		B2FBFCF32889213800511045 /* Release */ = {
			isa = XCBuildConfiguration;
			buildSettings = {
				ALWAYS_SEARCH_USER_PATHS = NO;
				CLANG_ANALYZER_NONNULL = YES;
				CLANG_ANALYZER_NUMBER_OBJECT_CONVERSION = YES_AGGRESSIVE;
				CLANG_CXX_LANGUAGE_STANDARD = "gnu++17";
				CLANG_CXX_LIBRARY = "libc++";
				CLANG_ENABLE_MODULES = YES;
				CLANG_ENABLE_OBJC_ARC = YES;
				CLANG_ENABLE_OBJC_WEAK = YES;
				CLANG_WARN_BLOCK_CAPTURE_AUTORELEASING = YES;
				CLANG_WARN_BOOL_CONVERSION = YES;
				CLANG_WARN_COMMA = YES;
				CLANG_WARN_CONSTANT_CONVERSION = YES;
				CLANG_WARN_DEPRECATED_OBJC_IMPLEMENTATIONS = YES;
				CLANG_WARN_DIRECT_OBJC_ISA_USAGE = YES_ERROR;
				CLANG_WARN_DOCUMENTATION_COMMENTS = YES;
				CLANG_WARN_EMPTY_BODY = YES;
				CLANG_WARN_ENUM_CONVERSION = YES;
				CLANG_WARN_INFINITE_RECURSION = YES;
				CLANG_WARN_INT_CONVERSION = YES;
				CLANG_WARN_NON_LITERAL_NULL_CONVERSION = YES;
				CLANG_WARN_OBJC_IMPLICIT_RETAIN_SELF = YES;
				CLANG_WARN_OBJC_LITERAL_CONVERSION = YES;
				CLANG_WARN_OBJC_ROOT_CLASS = YES_ERROR;
				CLANG_WARN_QUOTED_INCLUDE_IN_FRAMEWORK_HEADER = YES;
				CLANG_WARN_RANGE_LOOP_ANALYSIS = YES;
				CLANG_WARN_STRICT_PROTOTYPES = YES;
				CLANG_WARN_SUSPICIOUS_MOVE = YES;
				CLANG_WARN_UNGUARDED_AVAILABILITY = YES_AGGRESSIVE;
				CLANG_WARN_UNREACHABLE_CODE = YES;
				CLANG_WARN__DUPLICATE_METHOD_MATCH = YES;
				COPY_PHASE_STRIP = NO;
				DEBUG_INFORMATION_FORMAT = "dwarf-with-dsym";
				ENABLE_NS_ASSERTIONS = NO;
				ENABLE_STRICT_OBJC_MSGSEND = YES;
				GCC_C_LANGUAGE_STANDARD = gnu11;
				GCC_NO_COMMON_BLOCKS = YES;
				GCC_WARN_64_TO_32_BIT_CONVERSION = YES;
				GCC_WARN_ABOUT_RETURN_TYPE = YES_ERROR;
				GCC_WARN_UNDECLARED_SELECTOR = YES;
				GCC_WARN_UNINITIALIZED_AUTOS = YES_AGGRESSIVE;
				GCC_WARN_UNUSED_FUNCTION = YES;
				GCC_WARN_UNUSED_VARIABLE = YES;
				MACOSX_DEPLOYMENT_TARGET = 12.1;
				MTL_ENABLE_DEBUG_INFO = NO;
				MTL_FAST_MATH = YES;
				SDKROOT = macosx;
			};
			name = Release;
		};
		B2FBFCF52889213800511045 /* Debug */ = {
			isa = XCBuildConfiguration;
			buildSettings = {
				CODE_SIGN_STYLE = Automatic;
				PRODUCT_NAME = "$(TARGET_NAME)";
			};
			name = Debug;
		};
		B2FBFCF62889213800511045 /* Release */ = {
			isa = XCBuildConfiguration;
			buildSettings = {
				CODE_SIGN_STYLE = Automatic;
				PRODUCT_NAME = "$(TARGET_NAME)";
			};
			name = Release;
		};
/* End XCBuildConfiguration section */

/* Begin XCConfigurationList section */
		B2FBFCE82889213800511045 /* Build configuration list for PBXProject "PokerAnalysis" */ = {
			isa = XCConfigurationList;
			buildConfigurations = (
				B2FBFCF22889213800511045 /* Debug */,
				B2FBFCF32889213800511045 /* Release */,
			);
			defaultConfigurationIsVisible = 0;
			defaultConfigurationName = Release;
		};
		B2FBFCF42889213800511045 /* Build configuration list for PBXNativeTarget "PokerAnalysis" */ = {
			isa = XCConfigurationList;
			buildConfigurations = (
				B2FBFCF52889213800511045 /* Debug */,
				B2FBFCF62889213800511045 /* Release */,
			);
			defaultConfigurationIsVisible = 0;
			defaultConfigurationName = Release;
		};
/* End XCConfigurationList section */
	};
	rootObject = B2FBFCE52889213800511045 /* Project object */;
}
